github.com/KarpelesLab/weak v0.1.1 h1:fNnlPo3aypS9tBzoEQluY13XyUfd/eWaSE/vMvo9s4g=
github.com/KarpelesLab/weak v0.1.1/go.mod h1:pzXsWs5f2bf+fpgHayTlBE1qJpO3MpJKo5sRaLu1XNw=
github.com/alecthomas/assert/v2 v2.9.0 h1:ZcLG8ccMEtlMLkLW4gwGpBWBb0N8MUCmsy1lYBVd1xQ=
github.com/alecthomas/assert/v2 v2.9.0/go.mod h1:Bze95FyfUr7x34QZrjL+XP+0qgp/zg8yS+TtBj1WA3k=
github.com/alecthomas/chroma v0.10.0 h1:7XDcGkCQopCNKjZHfYrNLraA+M7e0fMiJ/Mfikbfjek=
github.com/alecthomas/chroma v0.10.0/go.mod h1:jtJATyUxlIORhUOFNA9NZDWGAQ8wpxQQqNSB4rjA/1s=
github.com/alecthomas/repr v0.4.0 h1:GhI2A8MACjfegCPVq9f1FLvIBS+DrQ2KQBFZP1iFzXc=
github.com/alecthomas/repr v0.4.0/go.mod h1:Fr0507jx4eOXV7AlPV6AVZLYrLIuIeSOWtW57eE/O/4=
github.com/danieljoos/wincred v1.2.3 h1:v7dZC2x32Ut3nEfRH+vhoZGvN72+dQ/snVXo/vMFLdQ=
github.com/danieljoos/wincred v1.2.3/go.mod h1:6qqX0WNrS4RzPZ1tnroDzq9kY3fu1KwE7MRLQK4X0bs=
github.com/davecgh/go-spew v1.1.0/go.mod h1:J7Y8YcW2NihsgmVo/mv3lAwl/skON4iLHjSsI+c5H38=
github.com/davecgh/go-spew v1.1.1 h1:vj9j/u1bqnvCEfJOwUhtlOARqs3+rkHYY13jYWTU97c=
github.com/davecgh/go-spew v1.1.1/go.mod h1:J7Y8YcW2NihsgmVo/mv3lAwl/skON4iLHjSsI+c5H38=
github.com/diamondburned/adaptive v0.0.2-0.20221227093656-fa139be203a8 h1:ZMe7aut1RcAE52EpSmfuIiKhaIw3MGVw9qOiCcj8R+w=
github.com/diamondburned/adaptive v0.0.2-0.20221227093656-fa139be203a8/go.mod h1:cLoCdQtpCp/TSJBJTgXe7W2FJNelXrmPv+X7luB6/Qg=
github.com/diamondburned/arikawa/v3 v3.6.0 h1:8sno6tO9F1TEkg1ChHfjuVX41a+uv3opcfWeNvbuhV4=
github.com/diamondburned/arikawa/v3 v3.6.0/go.mod h1:thocAM2X8lRDHuEZR5vWYaT4w+tb/vOKa1qm+r0gs5A=
github.com/diamondburned/chatkit v0.0.0-20240614105536-5788b19145bc h1:SL8VaknB7joR9TfPhoxkh9JXc1k42f2IV7fXwAZkW2U=
github.com/diamondburned/chatkit v0.0.0-20240614105536-5788b19145bc/go.mod h1:MYYap27uIo8zY2Odpz5/8moc6dNbBKHr+uFYXDX6xQ4=
github.com/diamondburned/gotk4-adwaita/pkg v0.0.0-20260808200908-d4aecaa0ff32 h1:1EATAO7ZRrY7B7lt6djCzGnLPlKXPzuOuwPzDSF7jT0=
github.com/diamondburned/gotk4-adwaita/pkg v0.0.0-20260808200908-d4aecaa0ff32/go.mod h1:ZzYiyPe0TqsukfPHi0sK/WwKzm0wIJdSRylLnuvAZNw=
github.com/diamondburned/gotk4/pkg v0.4.0 h1:6b4G1IRAqyQGG0HrNF/0C2L1KfbRPWffU2BZdQefsgs=
github.com/diamondburned/gotk4/pkg v0.4.0/go.mod h1:O9K8+PGNFGJpAu8+u5D2Sn5Wae4hxWzHB+AeZNbV/2Q=
github.com/diamondburned/gotkit v0.0.0-20260808214113-d0c316dcdb4e h1:NzVUQKp0eLF+yVvQM8MlXfdEzwgOBghEtrJy1SvDQTk=
github.com/diamondburned/gotkit v0.0.0-20260808214113-d0c316dcdb4e/go.mod h1:XRNI/lJu3ibVwDQjFeagqWckE1N0LaFk32GXdyNzJmA=
github.com/diamondburned/ningen/v3 v3.0.1-0.20250703054403-e5dc4cf15e84 h1:O/6NA4fQimjVNuT5F02kodPT2cz9Ltq2U96vxKYL0oA=
github.com/diamondburned/ningen/v3 v3.0.1-0.20250703054403-e5dc4cf15e84/go.mod h1:UU1lud9g/GBl2+CZ8nPCe3Qk1U6fABEP1fk1sUzo7w0=
github.com/dlclark/regexp2 v1.4.0/go.mod h1:2pZnwuY/m+8K6iRw6wQdMtk+rH5tNGR1i55kozfMjCc=
github.com/dlclark/regexp2 v1.12.0 h1:0j4c5qQmnC6XOWNjP3PIXURXN2gWx76rd3KvgdPkCz8=
github.com/dlclark/regexp2 v1.12.0/go.mod h1:DHkYz0B9wPfa6wondMfaivmHpzrQ3v9q8cnmRbL6yW8=
github.com/dustin/go-humanize v1.0.1 h1:GzkhY7T5VNhEkwH0PVJgjz+fX1rhBrR7pRT3mDkpeCY=
github.com/dustin/go-humanize v1.0.1/go.mod h1:Mu1zIs6XwVuF/gI1OepvI0qD18qycQx+mFykh5fBlto=
github.com/enescakir/emoji v1.0.0 h1:W+HsNql8swfCQFtioDGDHCHri8nudlK1n5p2rHCJoog=
github.com/enescakir/emoji v1.0.0/go.mod h1:Bt1EKuLnKDTYpLALApstIkAjdDrS/8IAgTkKp+WKFD0=
github.com/godbus/dbus/v5 v5.2.2 h1:TUR3TgtSVDmjiXOgAAyaZbYmIeP3DPkld3jgKGV8mXQ=
github.com/godbus/dbus/v5 v5.2.2/go.mod h1:3AAv2+hPq5rdnr5txxxRwiGjPXamgoIHgz9FPBfOp3c=
github.com/gorilla/schema v1.4.1 h1:jUg5hUjCSDZpNGLuXQOgIWGdlgrIdYvgQ0wZtdK1M3E=
github.com/gorilla/schema v1.4.1/go.mod h1:Dg5SSm5PV60mhF2NFaTV1xuYYj8tV8NOPRo4FggUMnM=
github.com/gorilla/websocket v1.5.3 h1:saDtZ6Pbx/0u+bgYQ3q96pZgCzfhKXGPqt7kZ72aNNg=
github.com/gorilla/websocket v1.5.3/go.mod h1:YR8l580nyteQvAITg2hZ9XVh4b55+EU/adAjf1fMHhE=
github.com/hexops/gotextdiff v1.0.3 h1:gitA9+qJrrTCsiCl7+kh75nPqQt1cx4ZkudSTLoUqJM=
github.com/hexops/gotextdiff v1.0.3/go.mod h1:pSWU5MAI3yDq+fZBTazCSJysOMbxWL1BSow5/V2vxeg=
github.com/ianlancetaylor/cgosymbolizer v0.0.0-20260706211533-3db786f0ca59 h1:f0/buUrXl+r/7Hr1ufr3g7vJwK8dXDQFy0qccGHzRWI=
github.com/ianlancetaylor/cgosymbolizer v0.0.0-20260706211533-3db786f0ca59/go.mod h1:DvXTE/K/RtHehxU8/GtDs4vFtfw64jJ3PaCnFri8CRg=
github.com/kylelemons/godebug v1.1.0 h1:RPNrshWIDI6G2gRW9EHilWtl7Z6Sb1BR0xunSBf0SNc=
github.com/kylelemons/godebug v1.1.0/go.mod h1:9/0rRGxNHcop5bhtWyNeEfOS8JIWk580+fNqagV/RAw=
github.com/leonelquinteros/gotext v1.7.2 h1:bDPndU8nt+/kRo1m4l/1OXiiy2v7Z7dfPQ9+YP7G1Mc=
github.com/leonelquinteros/gotext v1.7.2/go.mod h1:9/haCkm5P7Jay1sxKDGJ5WIg4zkz8oZKw4ekNpALob8=
github.com/lmittmann/tint v1.2.0 h1:AogHRHy8HUJUnNJBHJlYa+fR4YY8mko2cnCp67xn9JY=
github.com/lmittmann/tint v1.2.0/go.mod h1:HIS3gSy7qNwGCj+5oRjAutErFBl4BzdQP6cJZ0NfMwE=
github.com/mattn/go-isatty v0.0.24 h1:tGZZoVgT/KiqK1c8ocVLeDS8BSWMRd47J3Lbz7vsReI=
github.com/mattn/go-isatty v0.0.24/go.mod h1:nMCL3Zebbrt45jsMDgnfIwz6ydEQApk5oEI3HqDio6A=
github.com/neilotoole/slogt v1.1.0 h1:c7qE92sq+V0yvCuaxph+RQ2jOKL61c4hqS1Bv9W7FZE=
github.com/neilotoole/slogt v1.1.0/go.mod h1:RCrGXkPc/hYybNulqQrMHRtvlQ7F6NktNVLuLwk6V+w=
github.com/pkg/errors v0.9.1 h1:FEBLx1zS214owpjy7qsBeixbURkuhQAwrK5UwLGTwt4=
github.com/pkg/errors v0.9.1/go.mod h1:bwawxfHBFNV+L2hUp1rHADufV3IMtnDRdf1r5NINEl0=
github.com/pmezard/go-difflib v1.0.0 h1:4DBwDE0NGyQoBHbLQYPwSUPoCMWR5BEzIk/f1lZbAQM=
github.com/pmezard/go-difflib v1.0.0/go.mod h1:iKH77koFhYxTK1pcRnkKkqfTogsbg7gZNVY4sRDYZ/4=
github.com/puzpuzpuz/xsync/v3 v3.5.1 h1:GJYJZwO6IdxN/IKbneznS6yPkVC+c3zyY/j19c++5Fg=
github.com/puzpuzpuz/xsync/v3 v3.5.1/go.mod h1:VjzYrABPabuM4KyBh1Ftq6u8nhwY5tBPKP9jpmh0nnA=
github.com/sahilm/fuzzy v0.1.3 h1:juByESSS32nVD81vr6tHmKmA/8zde7gE+x5CLxrzXPU=
github.com/sahilm/fuzzy v0.1.3/go.mod h1:au6//VbVSqu6DFrkL2CfjlJ5iURpNCPeE+1GwY3XsT8=
github.com/stretchr/objx v0.1.0/go.mod h1:HFkY916IF+rwdDfMAkV7OtwuqBVzrE8GR6GFx+wExME=
github.com/stretchr/objx v0.5.2 h1:xuMeJ0Sdp5ZMRXx/aWO6RZxdr3beISkG5/G/aIRr3pY=
github.com/stretchr/objx v0.5.2/go.mod h1:FRsXN1f5AsAjCGJKqEizvkpNtU+EGNCLh3NxZ/8L+MA=
github.com/stretchr/testify v1.7.0/go.mod h1:6Fq8oRcR53rry900zMqJjRRixrwX3KX962/h/Wwjteg=
github.com/stretchr/testify v1.11.1 h1:7s2iGBzp5EwR7/aIZr8ao5+dra3wiQyKjjFuvgVKu7U=
github.com/stretchr/testify v1.11.1/go.mod h1:wZwfW3scLgRK+23gO65QZefKpKQRnfz6sD981Nm4B6U=
github.com/twmb/murmur3 v1.1.8 h1:8Yt9taO/WN3l08xErzjeschgZU2QSrwm1kclYq+0aRg=
github.com/twmb/murmur3 v1.1.8/go.mod h1:Qq/R7NUyOfr65zD+6Q5IHKsJLwP7exErjN6lyyq3OSQ=
github.com/yalue/merged_fs v1.3.0 h1:qCeh9tMPNy/i8cwDsQTJ5bLr6IRxbs6meakNE5O+wyY=
github.com/yalue/merged_fs v1.3.0/go.mod h1:WqqchfVYQyclV2tnR7wtRhBddzBvLVR83Cjw9BKQw0M=
github.com/yuin/goldmark v1.8.5 h1:r6N5afV5qj/5S4UTch8agZHJ8UxNCMwX7WjkkJam2NA=
github.com/yuin/goldmark v1.8.5/go.mod h1:ip/1k0VRfGynBgxOz0yCqHrbZXhcjxyuS66Brc7iBKg=
github.com/zalando/go-keyring v0.2.8 h1:6sD/Ucpl7jNq10rM2pgqTs0sZ9V3qMrqfIIy5YPccHs=
github.com/zalando/go-keyring v0.2.8/go.mod h1:tsMo+VpRq5NGyKfxoBVjCuMrG47yj8cmakZDO5QGii0=
go4.org v0.0.0-20260112195520-a5071408f32f h1:ziUVAjmTPwQMBmYR1tbdRFJPtTcQUI12fH9QQjfb0Sw=
go4.org v0.0.0-20260112195520-a5071408f32f/go.mod h1:ZRJnO5ZI4zAwMFp+dS1+V6J6MSyAowhRqAE+DPa1Xp0=
go4.org/unsafe/assume-no-moving-gc v0.0.0-20231121144256-b99613f794b6 h1:lGdhQUN/cnWdSH3291CUuxSEqc+AsGTiDxPP3r2J0l4=
go4.org/unsafe/assume-no-moving-gc v0.0.0-20231121144256-b99613f794b6/go.mod h1:FftLjUGFEDu5k8lt0ddY+HcrH/qU/0qk+H8j9/nTl3E=
golang.org/x/crypto v0.54.0 h1:YLIA59K4fiNzHzjnZt2tUJQjQtUWfWbeHBqKtk3eScw=
golang.org/x/crypto v0.54.0/go.mod h1:KWL8ny2AZdGR2cWmzeHrp2azQPGogOv+HeQaVEXC2dk=
golang.org/x/sync v0.22.0 h1:SZjpbeLmrCk4xhRSZFNZW5gFUeCeFgjekvI/+gfScek=
golang.org/x/sync v0.22.0/go.mod h1:9xrNwdLfx4jkKbNva9FpL6vEN7evnE43NNNJQ2LF3+0=
golang.org/x/sys v0.47.0 h1:o7XGOvZQCADBQQ4Y7VNq2dRWQR7JmOUW8Kxx4ZsNgWs=
golang.org/x/sys v0.47.0/go.mod h1:4GL1E5IUh+htKOUEOaiffhrAeqysfVGipDYzABqnCmw=
golang.org/x/text v0.40.0 h1:Ub2Z6/xjgF1WrYQz2nuITOEegKFtiIy+rieRJ5lHZKs=
golang.org/x/text v0.40.0/go.mod h1:hpnzDAfGV753zIKo+wk3u1bVKCGPbrnF7+7LBF/UHVY=
golang.org/x/time v0.15.0 h1:bbrp8t3bGUeFOx08pvsMYRTCVSMk89u4tKbNOZbp88U=
golang.org/x/time v0.15.0/go.mod h1:Y4YMaQmXwGQZoFaVFk4YpCt4FLQMYKZe9oeV/f4MSno=
gopkg.in/check.v1 v0.0.0-20161208181325-20d25e280405/go.mod h1:Co6ibVJAznAaIkqp8huTwlJQCZ016jof/cbN4VW5Yz0=
gopkg.in/yaml.v3 v3.0.0-20200313102051-9f266ea9e77c/go.mod h1:K4uyk7z7BCEPqu6E+C64Yfv1cQ7kz7rIZviUmN+EgEM=
gopkg.in/yaml.v3 v3.0.1 h1:fxVm/GzAzEWqLHuvctI91KS9hhNmmWOoWu0XTYJS7CA=
gopkg.in/yaml.v3 v3.0.1/go.mod h1:K4uyk7z7BCEPqu6E+C64Yfv1cQ7kz7rIZviUmN+EgEM=
libdb.so/ctxt v0.0.0-20240229093153-2db38a5d3c12 h1:Yhdfv7kODmi9SqvX8dEoglc3Mr+RvfYQp5GFKc+i7vk=
libdb.so/ctxt v0.0.0-20240229093153-2db38a5d3c12/go.mod h1:t9e0qzm6W32lQDEmSND4oDsdtiJaerFvGA4g6L4e/aM=
libdb.so/go-emoji v0.0.0-20240508073816-39776eee41ac h1:fL1eVICs1WolgTePtsH6ykhRFA5XRkTrxtnP5qu2pzo=
libdb.so/go-emoji v0.0.0-20240508073816-39776eee41ac/go.mod h1:AavBdb2VGDfm+8Q+49uIs09mFJbSia4s4mjrzm6iKXE=
libdb.so/gotk4-sourceview/pkg v0.0.0-20260808232043-f3d195566193 h1:OGpnLuqrJNMnxgaBCym40oAyRbODxa8IVyif5VuXits=
libdb.so/gotk4-sourceview/pkg v0.0.0-20260808232043-f3d195566193/go.mod h1:bE9czVcd3kvzrJQSXg++pIdhwbV8VyW9/6Pf+Zu0R6g=
libdb.so/gotk4-spelling/pkg v0.0.0-20241128063647-a9edc40bddb0 h1:GgoDfX0PMyB+XXARnCatY3YMZXV3XHyd6J4Bv7+XFWc=
libdb.so/gotk4-spelling/pkg v0.0.0-20241128063647-a9edc40bddb0/go.mod h1:u3i0zwMQ/rKousCpkgcGBUZSyTTjUUzlaIaXADo1kwg=
